PODS:
  - FlutterMacOS (1.0.0)
  - ke_equalizer (0.0.1):
    - FlutterMacOS
  - path_provider_foundation (0.0.1):
    - Flutter
    - FlutterMacOS

DEPENDENCIES:
  - FlutterMacOS (from `Flutter/ephemeral`)
  - ke_equalizer (from `Flutter/ephemeral/.symlinks/plugins/ke_equalizer/macos`)
  - path_provider_foundation (from `Flutter/ephemeral/.symlinks/plugins/path_provider_foundation/darwin`)

EXTERNAL SOURCES:
  FlutterMacOS:
    :path: Flutter/ephemeral
  ke_equalizer:
    :path: Flutter/ephemeral/.symlinks/plugins/ke_equalizer/macos
  path_provider_foundation:
    :path: Flutter/ephemeral/.symlinks/plugins/path_provider_foundation/darwin

SPEC CHECKSUMS:
  FlutterMacOS: d0db08ddef1a9af05a5ec4b724367152bb0500b1
  ke_equalizer: cf8e1823765cf83b5c8b5daece1192c9b486a027
  path_provider_foundation: bb55f6dbba17d0dccd6737fe6f7f34fbd0376880

PODFILE CHECKSUM: 54d867c82ac51cbd61b565781b9fada492027009

COCOAPODS: 1.16.2
